// !$*UTF8*$!
{
	archiveVersion = 1;
	classes = {
	};
	objectVersion = 50;
	objects = {

/* Begin PBXBuildFile section */
		FD0DFAB325F3BF55000B79AB /* TownRanking2021App.swift in Sources */ = {isa = PBXBuildFile; fileRef = FD0DFAB225F3BF55000B79AB /* TownRanking2021App.swift */; };
		FD0DFAB525F3BF55000B79AB /* ContentView.swift in Sources */ = {isa = PBXBuildFile; fileRef = FD0DFAB425F3BF55000B79AB /* ContentView.swift */; };
		FD0DFAB725F3BF56000B79AB /* Assets.xcassets in Resources */ = {isa = PBXBuildFile; fileRef = FD0DFAB625F3BF56000B79AB /* Assets.xcassets */; };
		FD0DFABA25F3BF56000B79AB /* Preview Assets.xcassets in Resources */ = {isa = PBXBuildFile; fileRef = FD0DFAB925F3BF56000B79AB /* Preview Assets.xcassets */; };
		FD0DFAC525F3BF56000B79AB /* TownRanking2021Tests.swift in Sources */ = {isa = PBXBuildFile; fileRef = FD0DFAC425F3BF56000B79AB /* TownRanking2021Tests.swift */; };
		FD0DFAD025F3BF56000B79AB /* TownRanking2021UITests.swift in Sources */ = {isa = PBXBuildFile; fileRef = FD0DFACF25F3BF56000B79AB /* TownRanking2021UITests.swift */; };
/* End PBXBuildFile section */

/* Begin PBXContainerItemProxy section */
		FD0DFAC125F3BF56000B79AB /* PBXContainerItemProxy */ = {
			isa = PBXContainerItemProxy;
			containerPortal = FD0DFAA725F3BF55000B79AB /* Project object */;
			proxyType = 1;
			remoteGlobalIDString = FD0DFAAE25F3BF55000B79AB;
			remoteInfo = TownRanking2021;
		};
		FD0DFACC25F3BF56000B79AB /* PBXContainerItemProxy */ = {
			isa = PBXContainerItemProxy;
			containerPortal = FD0DFAA725F3BF55000B79AB /* Project object */;
			proxyType = 1;
			remoteGlobalIDString = FD0DFAAE25F3BF55000B79AB;
			remoteInfo = TownRanking2021;
		};
/* End PBXContainerItemProxy section */

/* Begin PBXFileReference section */
		FD0DFAAF25F3BF55000B79AB /* TownRanking2021.app */ = {isa = PBXFileReference; explicitFileType = wrapper.application; includeInIndex = 0; path = TownRanking2021.app; sourceTree = BUILT_PRODUCTS_DIR; };
		FD0DFAB225F3BF55000B79AB /* TownRanking2021App.swift */ = {isa = PBXFileReference; lastKnownFileType = sourcecode.swift; path = TownRanking2021App.swift; sourceTree = "<group>"; };
		FD0DFAB425F3BF55000B79AB /* ContentView.swift */ = {isa = PBXFileReference; lastKnownFileType = sourcecode.swift; path = ContentView.swift; sourceTree = "<group>"; };
		FD0DFAB625F3BF56000B79AB /* Assets.xcassets */ = {isa = PBXFileReference; lastKnownFileType = folder.assetcatalog; path = Assets.xcassets; sourceTree = "<group>"; };
		FD0DFAB925F3BF56000B79AB /* Preview Assets.xcassets */ = {isa = PBXFileReference; lastKnownFileType = folder.assetcatalog; path = "Preview Assets.xcassets"; sourceTree = "<group>"; };
		FD0DFABB25F3BF56000B79AB /* Info.plist */ = {isa = PBXFileReference; lastKnownFileType = text.plist.xml; path = Info.plist; sourceTree = "<group>"; };
		FD0DFAC025F3BF56000B79AB /* TownRanking2021Tests.xctest */ = {isa = PBXFileReference; explicitFileType = wrapper.cfbundle; includeInIndex = 0; path = TownRanking2021Tests.xctest; sourceTree = BUILT_PRODUCTS_DIR; };
		FD0DFAC425F3BF56000B79AB /* TownRanking2021Tests.swift */ = {isa = PBXFileReference; lastKnownFileType = sourcecode.swift; path = TownRanking2021Tests.swift; sourceTree = "<group>"; };
		FD0DFAC625F3BF56000B79AB /* Info.plist */ = {isa = PBXFileReference; lastKnownFileType = text.plist.xml; path = Info.plist; sourceTree = "<group>"; };
		FD0DFACB25F3BF56000B79AB /* TownRanking2021UITests.xctest */ = {isa = PBXFileReference; explicitFileType = wrapper.cfbundle; includeInIndex = 0; path = TownRanking2021UITests.xctest; sourceTree = BUILT_PRODUCTS_DIR; };
		FD0DFACF25F3BF56000B79AB /* TownRanking2021UITests.swift */ = {isa = PBXFileReference; lastKnownFileType = sourcecode.swift; path = TownRanking2021UITests.swift; sourceTree = "<group>"; };
		FD0DFAD125F3BF56000B79AB /* Info.plist */ = {isa = PBXFileReference; lastKnownFileType = text.plist.xml; path = Info.plist; sourceTree = "<group>"; };
/* End PBXFileReference section */

/* Begin PBXFrameworksBuildPhase section */
		FD0DFAAC25F3BF55000B79AB /* Frameworks */ = {
			isa = PBXFrameworksBuildPhase;
			buildActionMask = 2147483647;
			files = (
			);
			runOnlyForDeploymentPostprocessing = 0;
		};
		FD0DFABD25F3BF56000B79AB /* Frameworks */ = {
			isa = PBXFrameworksBuildPhase;
			buildActionMask = 2147483647;
			files = (
			);
			runOnlyForDeploymentPostprocessing = 0;
		};
		FD0DFAC825F3BF56000B79AB /* Frameworks */ = {
			isa = PBXFrameworksBuildPhase;
			buildActionMask = 2147483647;
			files = (
			);
			runOnlyForDeploymentPostprocessing = 0;
		};
/* End PBXFrameworksBuildPhase section */

/* Begin PBXGroup section */
		FD0DFAA625F3BF55000B79AB = {
			isa = PBXGroup;
			children = (
				FD0DFAB125F3BF55000B79AB /* TownRanking2021 */,
				FD0DFAC325F3BF56000B79AB /* TownRanking2021Tests */,
				FD0DFACE25F3BF56000B79AB /* TownRanking2021UITests */,
				FD0DFAB025F3BF55000B79AB /* Products */,
			);
			sourceTree = "<group>";
		};
		FD0DFAB025F3BF55000B79AB /* Products */ = {
			isa = PBXGroup;
			children = (
				FD0DFAAF25F3BF55000B79AB /* TownRanking2021.app */,
				FD0DFAC025F3BF56000B79AB /* TownRanking2021Tests.xctest */,
				FD0DFACB25F3BF56000B79AB /* TownRanking2021UITests.xctest */,
			);
			name = Products;
			sourceTree = "<group>";
		};
		FD0DFAB125F3BF55000B79AB /* TownRanking2021 */ = {
			isa = PBXGroup;
			children = (
				FD0DFAB225F3BF55000B79AB /* TownRanking2021App.swift */,
				FD0DFAB425F3BF55000B79AB /* ContentView.swift */,
				FD0DFAB625F3BF56000B79AB /* Assets.xcassets */,
				FD0DFABB25F3BF56000B79AB /* Info.plist */,
				FD0DFAB825F3BF56000B79AB /* Preview Content */,
			);
			path = TownRanking2021;
			sourceTree = "<group>";
		};
		FD0DFAB825F3BF56000B79AB /* Preview Content */ = {
			isa = PBXGroup;
			children = (
				FD0DFAB925F3BF56000B79AB /* Preview Assets.xcassets */,
			);
			path = "Preview Content";
			sourceTree = "<group>";
		};
		FD0DFAC325F3BF56000B79AB /* TownRanking2021Tests */ = {
			isa = PBXGroup;
			children = (
				FD0DFAC425F3BF56000B79AB /* TownRanking2021Tests.swift */,
				FD0DFAC625F3BF56000B79AB /* Info.plist */,
			);
			path = TownRanking2021Tests;
			sourceTree = "<group>";
		};
		FD0DFACE25F3BF56000B79AB /* TownRanking2021UITests */ = {
			isa = PBXGroup;
			children = (
				FD0DFACF25F3BF56000B79AB /* TownRanking2021UITests.swift */,
				FD0DFAD125F3BF56000B79AB /* Info.plist */,
			);
			path = TownRanking2021UITests;
			sourceTree = "<group>";
		};
/* End PBXGroup section */

/* Begin PBXNativeTarget section */
		FD0DFAAE25F3BF55000B79AB /* TownRanking2021 */ = {
			isa = PBXNativeTarget;
			buildConfigurationList = FD0DFAD425F3BF56000B79AB /* Build configuration list for PBXNativeTarget "TownRanking2021" */;
			buildPhases = (
				FD0DFAAB25F3BF55000B79AB /* Sources */,
				FD0DFAAC25F3BF55000B79AB /* Frameworks */,
				FD0DFAAD25F3BF55000B79AB /* Resources */,
			);
			buildRules = (
			);
			dependencies = (
			);
			name = TownRanking2021;
			productName = TownRanking2021;
			productReference = FD0DFAAF25F3BF55000B79AB /* TownRanking2021.app */;
			productType = "com.apple.product-type.application";
		};
		FD0DFABF25F3BF56000B79AB /* TownRanking2021Tests */ = {
			isa = PBXNativeTarget;
			buildConfigurationList = FD0DFAD725F3BF56000B79AB /* Build configuration list for PBXNativeTarget "TownRanking2021Tests" */;
			buildPhases = (
				FD0DFABC25F3BF56000B79AB /* Sources */,
				FD0DFABD25F3BF56000B79AB /* Frameworks */,
				FD0DFABE25F3BF56000B79AB /* Resources */,
			);
			buildRules = (
			);
			dependencies = (
				FD0DFAC225F3BF56000B79AB /* PBXTargetDependency */,
			);
			name = TownRanking2021Tests;
			productName = TownRanking2021Tests;
			productReference = FD0DFAC025F3BF56000B79AB /* TownRanking2021Tests.xctest */;
			productType = "com.apple.product-type.bundle.unit-test";
		};
		FD0DFACA25F3BF56000B79AB /* TownRanking2021UITests */ = {
			isa = PBXNativeTarget;
			buildConfigurationList = FD0DFADA25F3BF56000B79AB /* Build configuration list for PBXNativeTarget "TownRanking2021UITests" */;
			buildPhases = (
				FD0DFAC725F3BF56000B79AB /* Sources */,
				FD0DFAC825F3BF56000B79AB /* Frameworks */,
				FD0DFAC925F3BF56000B79AB /* Resources */,
			);
			buildRules = (
			);
			dependencies = (
				FD0DFACD25F3BF56000B79AB /* PBXTargetDependency */,
			);
			name = TownRanking2021UITests;
			productName = TownRanking2021UITests;
			productReference = FD0DFACB25F3BF56000B79AB /* TownRanking2021UITests.xctest */;
			productType = "com.apple.product-type.bundle.ui-testing";
		};
/* End PBXNativeTarget section */

/* Begin PBXProject section */
		FD0DFAA725F3BF55000B79AB /* Project object */ = {
			isa = PBXProject;
			attributes = {
				LastSwiftUpdateCheck = 1240;
				LastUpgradeCheck = 1240;
				TargetAttributes = {
					FD0DFAAE25F3BF55000B79AB = {
						CreatedOnToolsVersion = 12.4;
					};
					FD0DFABF25F3BF56000B79AB = {
						CreatedOnToolsVersion = 12.4;
						TestTargetID = FD0DFAAE25F3BF55000B79AB;
					};
					FD0DFACA25F3BF56000B79AB = {
						CreatedOnToolsVersion = 12.4;
						TestTargetID = FD0DFAAE25F3BF55000B79AB;
					};
				};
			};
			buildConfigurationList = FD0DFAAA25F3BF55000B79AB /* Build configuration list for PBXProject "TownRanking2021" */;
			compatibilityVersion = "Xcode 9.3";
			developmentRegion = en;
			hasScannedForEncodings = 0;
			knownRegions = (
				en,
				Base,
			);
			mainGroup = FD0DFAA625F3BF55000B79AB;
			productRefGroup = FD0DFAB025F3BF55000B79AB /* Products */;
			projectDirPath = "";
			projectRoot = "";
			targets = (
				FD0DFAAE25F3BF55000B79AB /* TownRanking2021 */,
				FD0DFABF25F3BF56000B79AB /* TownRanking2021Tests */,
				FD0DFACA25F3BF56000B79AB /* TownRanking2021UITests */,
			);
		};
/* End PBXProject section */

/* Begin PBXResourcesBuildPhase section */
		FD0DFAAD25F3BF55000B79AB /* Resources */ = {
			isa = PBXResourcesBuildPhase;
			buildActionMask = 2147483647;
			files = (
				FD0DFABA25F3BF56000B79AB /* Preview Assets.xcassets in Resources */,
				FD0DFAB725F3BF56000B79AB /* Assets.xcassets in Resources */,
			);
			runOnlyForDeploymentPostprocessing = 0;
		};
		FD0DFABE25F3BF56000B79AB /* Resources */ = {
			isa = PBXResourcesBuildPhase;
			buildActionMask = 2147483647;
			files = (
			);
			runOnlyForDeploymentPostprocessing = 0;
		};
		FD0DFAC925F3BF56000B79AB /* Resources */ = {
			isa = PBXResourcesBuildPhase;
			buildActionMask = 2147483647;
			files = (
			);
			runOnlyForDeploymentPostprocessing = 0;
		};
/* End PBXResourcesBuildPhase section */

/* Begin PBXSourcesBuildPhase section */
		FD0DFAAB25F3BF55000B79AB /* Sources */ = {
			isa = PBXSourcesBuildPhase;
			buildActionMask = 2147483647;
			files = (
				FD0DFAB525F3BF55000B79AB /* ContentView.swift in Sources */,
				FD0DFAB325F3BF55000B79AB /* TownRanking2021App.swift in Sources */,
			);
			runOnlyForDeploymentPostprocessing = 0;
		};
		FD0DFABC25F3BF56000B79AB /* Sources */ = {
			isa = PBXSourcesBuildPhase;
			buildActionMask = 2147483647;
			files = (
				FD0DFAC525F3BF56000B79AB /* TownRanking2021Tests.swift in Sources */,
			);
			runOnlyForDeploymentPostprocessing = 0;
		};
		FD0DFAC725F3BF56000B79AB /* Sources */ = {
			isa = PBXSourcesBuildPhase;
			buildActionMask = 2147483647;
			files = (
				FD0DFAD025F3BF56000B79AB /* TownRanking2021UITests.swift in Sources */,
			);
			runOnlyForDeploymentPostprocessing = 0;
		};
/* End PBXSourcesBuildPhase section */

/* Begin PBXTargetDependency section */
		FD0DFAC225F3BF56000B79AB /* PBXTargetDependency */ = {
			isa = PBXTargetDependency;
			target = FD0DFAAE25F3BF55000B79AB /* TownRanking2021 */;
			targetProxy = FD0DFAC125F3BF56000B79AB /* PBXContainerItemProxy */;
		};
		FD0DFACD25F3BF56000B79AB /* PBXTargetDependency */ = {
			isa = PBXTargetDependency;
			target = FD0DFAAE25F3BF55000B79AB /* TownRanking2021 */;
			targetProxy = FD0DFACC25F3BF56000B79AB /* PBXContainerItemProxy */;
		};
/* End PBXTargetDependency section */

/* Begin XCBuildConfiguration section */
		FD0DFAD225F3BF56000B79AB /* Debug */ = {
			isa = XCBuildConfiguration;
			buildSettings = {
				ALWAYS_SEARCH_USER_PATHS = NO;
				CLANG_ANALYZER_NONNULL = YES;
				CLANG_ANALYZER_NUMBER_OBJECT_CONVERSION = YES_AGGRESSIVE;
				CLANG_CXX_LANGUAGE_STANDARD = "gnu++14";
				CLANG_CXX_LIBRARY = "libc++";
				CLANG_ENABLE_MODULES = YES;
				CLANG_ENABLE_OBJC_ARC = YES;
				CLANG_ENABLE_OBJC_WEAK = YES;
				CLANG_WARN_BLOCK_CAPTURE_AUTORELEASING = YES;
				CLANG_WARN_BOOL_CONVERSION = YES;
				CLANG_WARN_COMMA = YES;
				CLANG_WARN_CONSTANT_CONVERSION = YES;
				CLANG_WARN_DEPRECATED_OBJC_IMPLEMENTATIONS = YES;
				CLANG_WARN_DIRECT_OBJC_ISA_USAGE = YES_ERROR;
				CLANG_WARN_DOCUMENTATION_COMMENTS = YES;
				CLANG_WARN_EMPTY_BODY = YES;
				CLANG_WARN_ENUM_CONVERSION = YES;
				CLANG_WARN_INFINITE_RECURSION = YES;
				CLANG_WARN_INT_CONVERSION = YES;
				CLANG_WARN_NON_LITERAL_NULL_CONVERSION = YES;
				CLANG_WARN_OBJC_IMPLICIT_RETAIN_SELF = YES;
				CLANG_WARN_OBJC_LITERAL_CONVERSION = YES;
				CLANG_WARN_OBJC_ROOT_CLASS = YES_ERROR;
				CLANG_WARN_QUOTED_INCLUDE_IN_FRAMEWORK_HEADER = YES;
				CLANG_WARN_RANGE_LOOP_ANALYSIS = YES;
				CLANG_WARN_STRICT_PROTOTYPES = YES;
				CLANG_WARN_SUSPICIOUS_MOVE = YES;
				CLANG_WARN_UNGUARDED_AVAILABILITY = YES_AGGRESSIVE;
				CLANG_WARN_UNREACHABLE_CODE = YES;
				CLANG_WARN__DUPLICATE_METHOD_MATCH = YES;
				COPY_PHASE_STRIP = NO;
				DEBUG_INFORMATION_FORMAT = dwarf;
				ENABLE_STRICT_OBJC_MSGSEND = YES;
				ENABLE_TESTABILITY = YES;
				GCC_C_LANGUAGE_STANDARD = gnu11;
				GCC_DYNAMIC_NO_PIC = NO;
				GCC_NO_COMMON_BLOCKS = YES;
				GCC_OPTIMIZATION_LEVEL = 0;
				GCC_PREPROCESSOR_DEFINITIONS = (
					"DEBUG=1",
					"$(inherited)",
				);
				GCC_WARN_64_TO_32_BIT_CONVERSION = YES;
				GCC_WARN_ABOUT_RETURN_TYPE = YES_ERROR;
				GCC_WARN_UNDECLARED_SELECTOR = YES;
				GCC_WARN_UNINITIALIZED_AUTOS = YES_AGGRESSIVE;
				GCC_WARN_UNUSED_FUNCTION = YES;
				GCC_WARN_UNUSED_VARIABLE = YES;
				IPHONEOS_DEPLOYMENT_TARGET = 14.4;
				MTL_ENABLE_DEBUG_INFO = INCLUDE_SOURCE;
				MTL_FAST_MATH = YES;
				ONLY_ACTIVE_ARCH = YES;
				SDKROOT = iphoneos;
				SWIFT_ACTIVE_COMPILATION_CONDITIONS = DEBUG;
				SWIFT_OPTIMIZATION_LEVEL = "-Onone";
			};
			name = Debug;
		};
		FD0DFAD325F3BF56000B79AB /* Release */ = {
			isa = XCBuildConfiguration;
			buildSettings = {
				ALWAYS_SEARCH_USER_PATHS = NO;
				CLANG_ANALYZER_NONNULL = YES;
				CLANG_ANALYZER_NUMBER_OBJECT_CONVERSION = YES_AGGRESSIVE;
				CLANG_CXX_LANGUAGE_STANDARD = "gnu++14";
				CLANG_CXX_LIBRARY = "libc++";
				CLANG_ENABLE_MODULES = YES;
				CLANG_ENABLE_OBJC_ARC = YES;
				CLANG_ENABLE_OBJC_WEAK = YES;
				CLANG_WARN_BLOCK_CAPTURE_AUTORELEASING = YES;
				CLANG_WARN_BOOL_CONVERSION = YES;
				CLANG_WARN_COMMA = YES;
				CLANG_WARN_CONSTANT_CONVERSION = YES;
				CLANG_WARN_DEPRECATED_OBJC_IMPLEMENTATIONS = YES;
				CLANG_WARN_DIRECT_OBJC_ISA_USAGE = YES_ERROR;
				CLANG_WARN_DOCUMENTATION_COMMENTS = YES;
				CLANG_WARN_EMPTY_BODY = YES;
				CLANG_WARN_ENUM_CONVERSION = YES;
				CLANG_WARN_INFINITE_RECURSION = YES;
				CLANG_WARN_INT_CONVERSION = YES;
				CLANG_WARN_NON_LITERAL_NULL_CONVERSION = YES;
				CLANG_WARN_OBJC_IMPLICIT_RETAIN_SELF = YES;
				CLANG_WARN_OBJC_LITERAL_CONVERSION = YES;
				CLANG_WARN_OBJC_ROOT_CLASS = YES_ERROR;
				CLANG_WARN_QUOTED_INCLUDE_IN_FRAMEWORK_HEADER = YES;
				CLANG_WARN_RANGE_LOOP_ANALYSIS = YES;
				CLANG_WARN_STRICT_PROTOTYPES = YES;
				CLANG_WARN_SUSPICIOUS_MOVE = YES;
				CLANG_WARN_UNGUARDED_AVAILABILITY = YES_AGGRESSIVE;
				CLANG_WARN_UNREACHABLE_CODE = YES;
				CLANG_WARN__DUPLICATE_METHOD_MATCH = YES;
				COPY_PHASE_STRIP = NO;
				DEBUG_INFORMATION_FORMAT = "dwarf-with-dsym";
				ENABLE_NS_ASSERTIONS = NO;
				ENABLE_STRICT_OBJC_MSGSEND = YES;
				GCC_C_LANGUAGE_STANDARD = gnu11;
				GCC_NO_COMMON_BLOCKS = YES;
				GCC_WARN_64_TO_32_BIT_CONVERSION = YES;
				GCC_WARN_ABOUT_RETURN_TYPE = YES_ERROR;
				GCC_WARN_UNDECLARED_SELECTOR = YES;
				GCC_WARN_UNINITIALIZED_AUTOS = YES_AGGRESSIVE;
				GCC_WARN_UNUSED_FUNCTION = YES;
				GCC_WARN_UNUSED_VARIABLE = YES;
				IPHONEOS_DEPLOYMENT_TARGET = 14.4;
				MTL_ENABLE_DEBUG_INFO = NO;
				MTL_FAST_MATH = YES;
				SDKROOT = iphoneos;
				SWIFT_COMPILATION_MODE = wholemodule;
				SWIFT_OPTIMIZATION_LEVEL = "-O";
				VALIDATE_PRODUCT = YES;
			};
			name = Release;
		};
		FD0DFAD525F3BF56000B79AB /* Debug */ = {
			isa = XCBuildConfiguration;
			buildSettings = {
				ASSETCATALOG_COMPILER_APPICON_NAME = AppIcon;
				ASSETCATALOG_COMPILER_GLOBAL_ACCENT_COLOR_NAME = AccentColor;
				CODE_SIGN_STYLE = Automatic;
				DEVELOPMENT_ASSET_PATHS = "\"TownRanking2021/Preview Content\"";
				DEVELOPMENT_TEAM = 7M7ZGYSAKB;
				ENABLE_PREVIEWS = YES;
				INFOPLIST_FILE = TownRanking2021/Info.plist;
				IPHONEOS_DEPLOYMENT_TARGET = 14.0;
				LD_RUNPATH_SEARCH_PATHS = (
					"$(inherited)",
					"@executable_path/Frameworks",
				);
				PRODUCT_BUNDLE_IDENTIFIER = com.ASTK.TownRanking2021;
				PRODUCT_NAME = "$(TARGET_NAME)";
				SWIFT_VERSION = 5.0;
				TARGETED_DEVICE_FAMILY = "1,2";
			};
			name = Debug;
		};
		FD0DFAD625F3BF56000B79AB /* Release */ = {
			isa = XCBuildConfiguration;
			buildSettings = {
				ASSETCATALOG_COMPILER_APPICON_NAME = AppIcon;
				ASSETCATALOG_COMPILER_GLOBAL_ACCENT_COLOR_NAME = AccentColor;
				CODE_SIGN_STYLE = Automatic;
				DEVELOPMENT_ASSET_PATHS = "\"TownRanking2021/Preview Content\"";
				DEVELOPMENT_TEAM = 7M7ZGYSAKB;
				ENABLE_PREVIEWS = YES;
				INFOPLIST_FILE = TownRanking2021/Info.plist;
				IPHONEOS_DEPLOYMENT_TARGET = 14.0;
				LD_RUNPATH_SEARCH_PATHS = (
					"$(inherited)",
					"@executable_path/Frameworks",
				);
				PRODUCT_BUNDLE_IDENTIFIER = com.ASTK.TownRanking2021;
				PRODUCT_NAME = "$(TARGET_NAME)";
				SWIFT_VERSION = 5.0;
				TARGETED_DEVICE_FAMILY = "1,2";
			};
			name = Release;
		};
		FD0DFAD825F3BF56000B79AB /* Debug */ = {
			isa = XCBuildConfiguration;
			buildSettings = {
				ALWAYS_EMBED_SWIFT_STANDARD_LIBRARIES = YES;
				BUNDLE_LOADER = "$(TEST_HOST)";
				CODE_SIGN_STYLE = Automatic;
				DEVELOPMENT_TEAM = 7M7ZGYSAKB;
				INFOPLIST_FILE = TownRanking2021Tests/Info.plist;
				IPHONEOS_DEPLOYMENT_TARGET = 14.0;
				LD_RUNPATH_SEARCH_PATHS = (
					"$(inherited)",
					"@executable_path/Frameworks",
					"@loader_path/Frameworks",
				);
				PRODUCT_BUNDLE_IDENTIFIER = com.ASTK.TownRanking2021Tests;
				PRODUCT_NAME = "$(TARGET_NAME)";
				SWIFT_VERSION = 5.0;
				TARGETED_DEVICE_FAMILY = "1,2";
				TEST_HOST = "$(BUILT_PRODUCTS_DIR)/TownRanking2021.app/TownRanking2021";
			};
			name = Debug;
		};
		FD0DFAD925F3BF56000B79AB /* Release */ = {
			isa = XCBuildConfiguration;
			buildSettings = {
				ALWAYS_EMBED_SWIFT_STANDARD_LIBRARIES = YES;
				BUNDLE_LOADER = "$(TEST_HOST)";
				CODE_SIGN_STYLE = Automatic;
				DEVELOPMENT_TEAM = 7M7ZGYSAKB;
				INFOPLIST_FILE = TownRanking2021Tests/Info.plist;
				IPHONEOS_DEPLOYMENT_TARGET = 14.0;
				LD_RUNPATH_SEARCH_PATHS = (
					"$(inherited)",
					"@executable_path/Frameworks",
					"@loader_path/Frameworks",
				);
				PRODUCT_BUNDLE_IDENTIFIER = com.ASTK.TownRanking2021Tests;
				PRODUCT_NAME = "$(TARGET_NAME)";
				SWIFT_VERSION = 5.0;
				TARGETED_DEVICE_FAMILY = "1,2";
				TEST_HOST = "$(BUILT_PRODUCTS_DIR)/TownRanking2021.app/TownRanking2021";
			};
			name = Release;
		};
		FD0DFADB25F3BF56000B79AB /* Debug */ = {
			isa = XCBuildConfiguration;
			buildSettings = {
				ALWAYS_EMBED_SWIFT_STANDARD_LIBRARIES = YES;
				CODE_SIGN_STYLE = Automatic;
				DEVELOPMENT_TEAM = 7M7ZGYSAKB;
				INFOPLIST_FILE = TownRanking2021UITests/Info.plist;
				LD_RUNPATH_SEARCH_PATHS = (
					"$(inherited)",
					"@executable_path/Frameworks",
					"@loader_path/Frameworks",
				);
				PRODUCT_BUNDLE_IDENTIFIER = com.ASTK.TownRanking2021UITests;
				PRODUCT_NAME = "$(TARGET_NAME)";
				SWIFT_VERSION = 5.0;
				TARGETED_DEVICE_FAMILY = "1,2";
				TEST_TARGET_NAME = TownRanking2021;
			};
			name = Debug;
		};
		FD0DFADC25F3BF56000B79AB /* Release */ = {
			isa = XCBuildConfiguration;
			buildSettings = {
				ALWAYS_EMBED_SWIFT_STANDARD_LIBRARIES = YES;
				CODE_SIGN_STYLE = Automatic;
				DEVELOPMENT_TEAM = 7M7ZGYSAKB;
				INFOPLIST_FILE = TownRanking2021UITests/Info.plist;
				LD_RUNPATH_SEARCH_PATHS = (
					"$(inherited)",
					"@executable_path/Frameworks",
					"@loader_path/Frameworks",
				);
				PRODUCT_BUNDLE_IDENTIFIER = com.ASTK.TownRanking2021UITests;
				PRODUCT_NAME = "$(TARGET_NAME)";
				SWIFT_VERSION = 5.0;
				TARGETED_DEVICE_FAMILY = "1,2";
				TEST_TARGET_NAME = TownRanking2021;
			};
			name = Release;
		};
/* End XCBuildConfiguration section */

/* Begin XCConfigurationList section */
		FD0DFAAA25F3BF55000B79AB /* Build configuration list for PBXProject "TownRanking2021" */ = {
			isa = XCConfigurationList;
			buildConfigurations = (
				FD0DFAD225F3BF56000B79AB /* Debug */,
				FD0DFAD325F3BF56000B79AB /* Release */,
			);
			defaultConfigurationIsVisible = 0;
			defaultConfigurationName = Release;
		};
		FD0DFAD425F3BF56000B79AB /* Build configuration list for PBXNativeTarget "TownRanking2021" */ = {
			isa = XCConfigurationList;
			buildConfigurations = (
				FD0DFAD525F3BF56000B79AB /* Debug */,
				FD0DFAD625F3BF56000B79AB /* Release */,
			);
			defaultConfigurationIsVisible = 0;
			defaultConfigurationName = Release;
		};
		FD0DFAD725F3BF56000B79AB /* Build configuration list for PBXNativeTarget "TownRanking2021Tests" */ = {
			isa = XCConfigurationList;
			buildConfigurations = (
				FD0DFAD825F3BF56000B79AB /* Debug */,
				FD0DFAD925F3BF56000B79AB /* Release */,
			);
			defaultConfigurationIsVisible = 0;
			defaultConfigurationName = Release;
		};
		FD0DFADA25F3BF56000B79AB /* Build configuration list for PBXNativeTarget "TownRanking2021UITests" */ = {
			isa = XCConfigurationList;
			buildConfigurations = (
				FD0DFADB25F3BF56000B79AB /* Debug */,
				FD0DFADC25F3BF56000B79AB /* Release */,
			);
			defaultConfigurationIsVisible = 0;
			defaultConfigurationName = Release;
		};
/* End XCConfigurationList section */
	};
	rootObject = FD0DFAA725F3BF55000B79AB /* Project object */;
}
